
Microsoft Visual Studio Solution File, Format Version 12.00
# Visual Studio Version 17
VisualStudioVersion = 17.14.36915.13 d17.14
MinimumVisualStudioVersion = 10.0.40219.1
Project("{FAE04EC0-301F-11D3-BF4B-00C04F79EFBC}") = "workshop1", "workshop1\workshop1.csproj", "{611B0D79-BFA2-4E37-BE19-8058A60EE433}"
EndProject
Global
	GlobalSection(SolutionConfigurationPlatforms) = preSolution
		Debug|Any CPU = Debug|Any CPU
		Release|Any CPU = Release|Any CPU
	EndGlobalSection
	GlobalSection(ProjectConfigurationPlatforms) = postSolution
		{611B0D79-BFA2-4E37-BE19-8058A60EE433}.Debug|Any CPU.ActiveCfg = Debug|Any CPU
		{611B0D79-BFA2-4E37-BE19-8058A60EE433}.Debug|Any CPU.Build.0 = Debug|Any CPU
		{611B0D79-BFA2-4E37-BE19-8058A60EE433}.Release|Any CPU.ActiveCfg = Release|Any CPU
		{611B0D79-BFA2-4E37-BE19-8058A60EE433}.Release|Any CPU.Build.0 = Release|Any CPU
	EndGlobalSection
	GlobalSection(SolutionProperties) = preSolution
		HideSolutionNode = FALSE
	EndGlobalSection
	GlobalSection(ExtensibilityGlobals) = postSolution
		SolutionGuid = {CFD7EB86-372D-4596-900A-EDD3EEF8450F}
	EndGlobalSection
EndGlobal
