
Microsoft Visual Studio Solution File, Format Version 12.00
# Visual Studio Version 17
VisualStudioVersion = 17.13.35919.96 d17.13
MinimumVisualStudioVersion = 10.0.40219.1
Project("{FAE04EC0-301F-11D3-BF4B-00C04F79EFBC}") = "Admin_Destination (1)", "Admin_Destination (1).csproj", "{F2DC4CF8-CE31-3545-015E-0A9861484D4F}"
EndProject
Global
	GlobalSection(SolutionConfigurationPlatforms) = preSolution
		Debug|Any CPU = Debug|Any CPU
		Release|Any CPU = Release|Any CPU
	EndGlobalSection
	GlobalSection(ProjectConfigurationPlatforms) = postSolution
		{F2DC4CF8-CE31-3545-015E-0A9861484D4F}.Debug|Any CPU.ActiveCfg = Debug|Any CPU
		{F2DC4CF8-CE31-3545-015E-0A9861484D4F}.Debug|Any CPU.Build.0 = Debug|Any CPU
		{F2DC4CF8-CE31-3545-015E-0A9861484D4F}.Release|Any CPU.ActiveCfg = Release|Any CPU
		{F2DC4CF8-CE31-3545-015E-0A9861484D4F}.Release|Any CPU.Build.0 = Release|Any CPU
	EndGlobalSection
	GlobalSection(SolutionProperties) = preSolution
		HideSolutionNode = FALSE
	EndGlobalSection
	GlobalSection(ExtensibilityGlobals) = postSolution
		SolutionGuid = {7D5B9504-0DA3-4C80-A4A2-15B31332FA68}
	EndGlobalSection
EndGlobal
