
Microsoft Visual Studio Solution File, Format Version 12.00
# Visual Studio Version 17
VisualStudioVersion = 17.14.37314.3 d17.14
MinimumVisualStudioVersion = 10.0.40219.1
Project("{FAE04EC0-301F-11D3-BF4B-00C04F79EFBC}") = "EmailOne", "EmailOne\EmailOne.csproj", "{D513C4EB-D15F-4ADF-8F44-754E879A6D23}"
EndProject
Global
	GlobalSection(SolutionConfigurationPlatforms) = preSolution
		Debug|Any CPU = Debug|Any CPU
		Release|Any CPU = Release|Any CPU
	EndGlobalSection
	GlobalSection(ProjectConfigurationPlatforms) = postSolution
		{D513C4EB-D15F-4ADF-8F44-754E879A6D23}.Debug|Any CPU.ActiveCfg = Debug|Any CPU
		{D513C4EB-D15F-4ADF-8F44-754E879A6D23}.Debug|Any CPU.Build.0 = Debug|Any CPU
		{D513C4EB-D15F-4ADF-8F44-754E879A6D23}.Release|Any CPU.ActiveCfg = Release|Any CPU
		{D513C4EB-D15F-4ADF-8F44-754E879A6D23}.Release|Any CPU.Build.0 = Release|Any CPU
	EndGlobalSection
	GlobalSection(SolutionProperties) = preSolution
		HideSolutionNode = FALSE
	EndGlobalSection
	GlobalSection(ExtensibilityGlobals) = postSolution
		SolutionGuid = {8B2B17CD-D6E6-4D92-9F6A-E7B477D996C1}
	EndGlobalSection
EndGlobal
